// !$*UTF8*$!
{
	archiveVersion = 1;
	classes = {
	};
	objectVersion = 46;
	objects = {

/* Begin PBXBuildFile section */
		002DC7CB1DD22B8F00899FC1 /* FieldProcessor.swift in Sources */ = {isa = PBXBuildFile; fileRef = 002DC7CA1DD22B8F00899FC1 /* FieldProcessor.swift */; };
		002DC7CD1DD22BC000899FC1 /* CreditCardFieldProcessor.swift in Sources */ = {isa = PBXBuildFile; fileRef = 002DC7CC1DD22BC000899FC1 /* CreditCardFieldProcessor.swift */; };
		002DC7CF1DD2483900899FC1 /* RangeHelpers.swift in Sources */ = {isa = PBXBuildFile; fileRef = 002DC7CE1DD2483900899FC1 /* RangeHelpers.swift */; };
		002DC7D11DD251E400899FC1 /* UITextField+Animations.swift in Sources */ = {isa = PBXBuildFile; fileRef = 002DC7D01DD251E400899FC1 /* UITextField+Animations.swift */; };
		002DC7D31DD261C200899FC1 /* UITextfield+BackspaceNotification.swift in Sources */ = {isa = PBXBuildFile; fileRef = 002DC7D21DD261C200899FC1 /* UITextfield+BackspaceNotification.swift */; };
		002DC7D51DD26D5900899FC1 /* ExpirationDateFieldProcessor.swift in Sources */ = {isa = PBXBuildFile; fileRef = 002DC7D41DD26D5900899FC1 /* ExpirationDateFieldProcessor.swift */; };
		002DC7D71DD28AA000899FC1 /* CVVFieldProcessor.swift in Sources */ = {isa = PBXBuildFile; fileRef = 002DC7D61DD28AA000899FC1 /* CVVFieldProcessor.swift */; };
		002DC7D91DD28B6D00899FC1 /* ZipCodeFieldProcessor.swift in Sources */ = {isa = PBXBuildFile; fileRef = 002DC7D81DD28B6D00899FC1 /* ZipCodeFieldProcessor.swift */; };
		002DC7DB1DD368EB00899FC1 /* CreditCardForm.swift in Sources */ = {isa = PBXBuildFile; fileRef = 002DC7DA1DD368EB00899FC1 /* CreditCardForm.swift */; };
		002EECE01D22C2010005F19C /* CardType.swift in Sources */ = {isa = PBXBuildFile; fileRef = 002EECDF1D22C2010005F19C /* CardType.swift */; };
		002F76E11DD669B500B93CAB /* CreditCardFieldProcessorTests.swift in Sources */ = {isa = PBXBuildFile; fileRef = 002F76E01DD669B500B93CAB /* CreditCardFieldProcessorTests.swift */; };
		002F76E51DD6754700B93CAB /* ExpirationDateFieldProcessorTests.swift in Sources */ = {isa = PBXBuildFile; fileRef = 002F76E41DD6754700B93CAB /* ExpirationDateFieldProcessorTests.swift */; };
		00F19A1D1D9AE279009418B1 /* FieldProcessorTestHelpers.swift in Sources */ = {isa = PBXBuildFile; fileRef = 00F19A1C1D9AE279009418B1 /* FieldProcessorTestHelpers.swift */; };
		00F95A171D219EA100DB5839 /* AppDelegate.swift in Sources */ = {isa = PBXBuildFile; fileRef = 00F95A161D219EA100DB5839 /* AppDelegate.swift */; };
		00F95A191D219EA100DB5839 /* ViewController.swift in Sources */ = {isa = PBXBuildFile; fileRef = 00F95A181D219EA100DB5839 /* ViewController.swift */; };
		00F95A1E1D219EA100DB5839 /* Assets.xcassets in Resources */ = {isa = PBXBuildFile; fileRef = 00F95A1D1D219EA100DB5839 /* Assets.xcassets */; };
		00F95A2C1D219EA100DB5839 /* RZCardEntryTests.swift in Sources */ = {isa = PBXBuildFile; fileRef = 00F95A2B1D219EA100DB5839 /* RZCardEntryTests.swift */; };
		00F95A371D219EA100DB5839 /* RZCardEntryUITests.swift in Sources */ = {isa = PBXBuildFile; fileRef = 00F95A361D219EA100DB5839 /* RZCardEntryUITests.swift */; };
/* End PBXBuildFile section */

/* Begin PBXContainerItemProxy section */
		00F95A281D219EA100DB5839 /* PBXContainerItemProxy */ = {
			isa = PBXContainerItemProxy;
			containerPortal = 00F95A0B1D219EA100DB5839 /* Project object */;
			proxyType = 1;
			remoteGlobalIDString = 00F95A121D219EA100DB5839;
			remoteInfo = RZCardEntry;
		};
		00F95A331D219EA100DB5839 /* PBXContainerItemProxy */ = {
			isa = PBXContainerItemProxy;
			containerPortal = 00F95A0B1D219EA100DB5839 /* Project object */;
			proxyType = 1;
			remoteGlobalIDString = 00F95A121D219EA100DB5839;
			remoteInfo = RZCardEntry;
		};
/* End PBXContainerItemProxy section */

/* Begin PBXFileReference section */
		002DC7CA1DD22B8F00899FC1 /* FieldProcessor.swift */ = {isa = PBXFileReference; fileEncoding = 4; lastKnownFileType = sourcecode.swift; path = FieldProcessor.swift; sourceTree = "<group>"; };
		002DC7CC1DD22BC000899FC1 /* CreditCardFieldProcessor.swift */ = {isa = PBXFileReference; fileEncoding = 4; lastKnownFileType = sourcecode.swift; path = CreditCardFieldProcessor.swift; sourceTree = "<group>"; };
		002DC7CE1DD2483900899FC1 /* RangeHelpers.swift */ = {isa = PBXFileReference; fileEncoding = 4; lastKnownFileType = sourcecode.swift; path = RangeHelpers.swift; sourceTree = "<group>"; };
		002DC7D01DD251E400899FC1 /* UITextField+Animations.swift */ = {isa = PBXFileReference; fileEncoding = 4; lastKnownFileType = sourcecode.swift; path = "UITextField+Animations.swift"; sourceTree = "<group>"; };
		002DC7D21DD261C200899FC1 /* UITextfield+BackspaceNotification.swift */ = {isa = PBXFileReference; fileEncoding = 4; lastKnownFileType = sourcecode.swift; path = "UITextfield+BackspaceNotification.swift"; sourceTree = "<group>"; };
		002DC7D41DD26D5900899FC1 /* ExpirationDateFieldProcessor.swift */ = {isa = PBXFileReference; fileEncoding = 4; lastKnownFileType = sourcecode.swift; path = ExpirationDateFieldProcessor.swift; sourceTree = "<group>"; };
		002DC7D61DD28AA000899FC1 /* CVVFieldProcessor.swift */ = {isa = PBXFileReference; fileEncoding = 4; lastKnownFileType = sourcecode.swift; path = CVVFieldProcessor.swift; sourceTree = "<group>"; };
		002DC7D81DD28B6D00899FC1 /* ZipCodeFieldProcessor.swift */ = {isa = PBXFileReference; fileEncoding = 4; lastKnownFileType = sourcecode.swift; path = ZipCodeFieldProcessor.swift; sourceTree = "<group>"; };
		002DC7DA1DD368EB00899FC1 /* CreditCardForm.swift */ = {isa = PBXFileReference; fileEncoding = 4; lastKnownFileType = sourcecode.swift; path = CreditCardForm.swift; sourceTree = "<group>"; };
		002EECDF1D22C2010005F19C /* CardType.swift */ = {isa = PBXFileReference; fileEncoding = 4; lastKnownFileType = sourcecode.swift; path = CardType.swift; sourceTree = "<group>"; };
		002F76E01DD669B500B93CAB /* CreditCardFieldProcessorTests.swift */ = {isa = PBXFileReference; fileEncoding = 4; lastKnownFileType = sourcecode.swift; path = CreditCardFieldProcessorTests.swift; sourceTree = "<group>"; };
		002F76E41DD6754700B93CAB /* ExpirationDateFieldProcessorTests.swift */ = {isa = PBXFileReference; fileEncoding = 4; lastKnownFileType = sourcecode.swift; path = ExpirationDateFieldProcessorTests.swift; sourceTree = "<group>"; };
		00F19A1C1D9AE279009418B1 /* FieldProcessorTestHelpers.swift */ = {isa = PBXFileReference; fileEncoding = 4; lastKnownFileType = sourcecode.swift; path = FieldProcessorTestHelpers.swift; sourceTree = "<group>"; };
		00F95A131D219EA100DB5839 /* RZCardEntry.app */ = {isa = PBXFileReference; explicitFileType = wrapper.application; includeInIndex = 0; path = RZCardEntry.app; sourceTree = BUILT_PRODUCTS_DIR; };
		00F95A161D219EA100DB5839 /* AppDelegate.swift */ = {isa = PBXFileReference; lastKnownFileType = sourcecode.swift; path = AppDelegate.swift; sourceTree = "<group>"; };
		00F95A181D219EA100DB5839 /* ViewController.swift */ = {isa = PBXFileReference; lastKnownFileType = sourcecode.swift; path = ViewController.swift; sourceTree = "<group>"; };
		00F95A1D1D219EA100DB5839 /* Assets.xcassets */ = {isa = PBXFileReference; lastKnownFileType = folder.assetcatalog; path = Assets.xcassets; sourceTree = "<group>"; };
		00F95A221D219EA100DB5839 /* Info.plist */ = {isa = PBXFileReference; lastKnownFileType = text.plist.xml; path = Info.plist; sourceTree = "<group>"; };
		00F95A271D219EA100DB5839 /* RZCardEntryTests.xctest */ = {isa = PBXFileReference; explicitFileType = wrapper.cfbundle; includeInIndex = 0; path = RZCardEntryTests.xctest; sourceTree = BUILT_PRODUCTS_DIR; };
		00F95A2B1D219EA100DB5839 /* RZCardEntryTests.swift */ = {isa = PBXFileReference; lastKnownFileType = sourcecode.swift; path = RZCardEntryTests.swift; sourceTree = "<group>"; };
		00F95A2D1D219EA100DB5839 /* Info.plist */ = {isa = PBXFileReference; lastKnownFileType = text.plist.xml; path = Info.plist; sourceTree = "<group>"; };
		00F95A321D219EA100DB5839 /* RZCardEntryUITests.xctest */ = {isa = PBXFileReference; explicitFileType = wrapper.cfbundle; includeInIndex = 0; path = RZCardEntryUITests.xctest; sourceTree = BUILT_PRODUCTS_DIR; };
		00F95A361D219EA100DB5839 /* RZCardEntryUITests.swift */ = {isa = PBXFileReference; lastKnownFileType = sourcecode.swift; path = RZCardEntryUITests.swift; sourceTree = "<group>"; };
		00F95A381D219EA100DB5839 /* Info.plist */ = {isa = PBXFileReference; lastKnownFileType = text.plist.xml; path = Info.plist; sourceTree = "<group>"; };
/* End PBXFileReference section */

/* Begin PBXFrameworksBuildPhase section */
		00F95A101D219EA100DB5839 /* Frameworks */ = {
			isa = PBXFrameworksBuildPhase;
			buildActionMask = 2147483647;
			files = (
			);
			runOnlyForDeploymentPostprocessing = 0;
		};
		00F95A241D219EA100DB5839 /* Frameworks */ = {
			isa = PBXFrameworksBuildPhase;
			buildActionMask = 2147483647;
			files = (
			);
			runOnlyForDeploymentPostprocessing = 0;
		};
		00F95A2F1D219EA100DB5839 /* Frameworks */ = {
			isa = PBXFrameworksBuildPhase;
			buildActionMask = 2147483647;
			files = (
			);
			runOnlyForDeploymentPostprocessing = 0;
		};
/* End PBXFrameworksBuildPhase section */

/* Begin PBXGroup section */
		002DC7C91DD22A3600899FC1 /* Field Processors */ = {
			isa = PBXGroup;
			children = (
				002DC7CA1DD22B8F00899FC1 /* FieldProcessor.swift */,
				002DC7CC1DD22BC000899FC1 /* CreditCardFieldProcessor.swift */,
				002DC7D41DD26D5900899FC1 /* ExpirationDateFieldProcessor.swift */,
				002DC7D61DD28AA000899FC1 /* CVVFieldProcessor.swift */,
				002DC7D81DD28B6D00899FC1 /* ZipCodeFieldProcessor.swift */,
			);
			name = "Field Processors";
			sourceTree = "<group>";
		};
		002F76E61DD6777800B93CAB /* Helpers */ = {
			isa = PBXGroup;
			children = (
				002DC7D21DD261C200899FC1 /* UITextfield+BackspaceNotification.swift */,
				002DC7CE1DD2483900899FC1 /* RangeHelpers.swift */,
				002DC7D01DD251E400899FC1 /* UITextField+Animations.swift */,
			);
			name = Helpers;
			sourceTree = "<group>";
		};
		00F19A221D9AE336009418B1 /* Tests */ = {
			isa = PBXGroup;
			children = (
				002F76E41DD6754700B93CAB /* ExpirationDateFieldProcessorTests.swift */,
				002F76E01DD669B500B93CAB /* CreditCardFieldProcessorTests.swift */,
				00F19A1C1D9AE279009418B1 /* FieldProcessorTestHelpers.swift */,
			);
			name = Tests;
			sourceTree = "<group>";
		};
		00F95A0A1D219EA100DB5839 = {
			isa = PBXGroup;
			children = (
				00F95A151D219EA100DB5839 /* RZCardEntry */,
				00F95A2A1D219EA100DB5839 /* RZCardEntryTests */,
				00F95A351D219EA100DB5839 /* RZCardEntryUITests */,
				00F95A141D219EA100DB5839 /* Products */,
			);
			sourceTree = "<group>";
		};
		00F95A141D219EA100DB5839 /* Products */ = {
			isa = PBXGroup;
			children = (
				00F95A131D219EA100DB5839 /* RZCardEntry.app */,
				00F95A271D219EA100DB5839 /* RZCardEntryTests.xctest */,
				00F95A321D219EA100DB5839 /* RZCardEntryUITests.xctest */,
			);
			name = Products;
			sourceTree = "<group>";
		};
		00F95A151D219EA100DB5839 /* RZCardEntry */ = {
			isa = PBXGroup;
			children = (
				00F95A161D219EA100DB5839 /* AppDelegate.swift */,
				00F95A181D219EA100DB5839 /* ViewController.swift */,
				002EECDF1D22C2010005F19C /* CardType.swift */,
				002DC7DA1DD368EB00899FC1 /* CreditCardForm.swift */,
				002DC7C91DD22A3600899FC1 /* Field Processors */,
				002F76E61DD6777800B93CAB /* Helpers */,
				00F19A221D9AE336009418B1 /* Tests */,
				00F95A1D1D219EA100DB5839 /* Assets.xcassets */,
				00F95A221D219EA100DB5839 /* Info.plist */,
			);
			path = RZCardEntry;
			sourceTree = "<group>";
		};
		00F95A2A1D219EA100DB5839 /* RZCardEntryTests */ = {
			isa = PBXGroup;
			children = (
				00F95A2B1D219EA100DB5839 /* RZCardEntryTests.swift */,
				00F95A2D1D219EA100DB5839 /* Info.plist */,
			);
			path = RZCardEntryTests;
			sourceTree = "<group>";
		};
		00F95A351D219EA100DB5839 /* RZCardEntryUITests */ = {
			isa = PBXGroup;
			children = (
				00F95A361D219EA100DB5839 /* RZCardEntryUITests.swift */,
				00F95A381D219EA100DB5839 /* Info.plist */,
			);
			path = RZCardEntryUITests;
			sourceTree = "<group>";
		};
/* End PBXGroup section */

/* Begin PBXNativeTarget section */
		00F95A121D219EA100DB5839 /* RZCardEntry */ = {
			isa = PBXNativeTarget;
			buildConfigurationList = 00F95A3B1D219EA100DB5839 /* Build configuration list for PBXNativeTarget "RZCardEntry" */;
			buildPhases = (
				00F95A0F1D219EA100DB5839 /* Sources */,
				00F95A101D219EA100DB5839 /* Frameworks */,
				00F95A111D219EA100DB5839 /* Resources */,
			);
			buildRules = (
			);
			dependencies = (
			);
			name = RZCardEntry;
			productName = RZCardEntry;
			productReference = 00F95A131D219EA100DB5839 /* RZCardEntry.app */;
			productType = "com.apple.product-type.application";
		};
		00F95A261D219EA100DB5839 /* RZCardEntryTests */ = {
			isa = PBXNativeTarget;
			buildConfigurationList = 00F95A3E1D219EA100DB5839 /* Build configuration list for PBXNativeTarget "RZCardEntryTests" */;
			buildPhases = (
				00F95A231D219EA100DB5839 /* Sources */,
				00F95A241D219EA100DB5839 /* Frameworks */,
				00F95A251D219EA100DB5839 /* Resources */,
			);
			buildRules = (
			);
			dependencies = (
				00F95A291D219EA100DB5839 /* PBXTargetDependency */,
			);
			name = RZCardEntryTests;
			productName = RZCardEntryTests;
			productReference = 00F95A271D219EA100DB5839 /* RZCardEntryTests.xctest */;
			productType = "com.apple.product-type.bundle.unit-test";
		};
		00F95A311D219EA100DB5839 /* RZCardEntryUITests */ = {
			isa = PBXNativeTarget;
			buildConfigurationList = 00F95A411D219EA100DB5839 /* Build configuration list for PBXNativeTarget "RZCardEntryUITests" */;
			buildPhases = (
				00F95A2E1D219EA100DB5839 /* Sources */,
				00F95A2F1D219EA100DB5839 /* Frameworks */,
				00F95A301D219EA100DB5839 /* Resources */,
			);
			buildRules = (
			);
			dependencies = (
				00F95A341D219EA100DB5839 /* PBXTargetDependency */,
			);
			name = RZCardEntryUITests;
			productName = RZCardEntryUITests;
			productReference = 00F95A321D219EA100DB5839 /* RZCardEntryUITests.xctest */;
			productType = "com.apple.product-type.bundle.ui-testing";
		};
/* End PBXNativeTarget section */

/* Begin PBXProject section */
		00F95A0B1D219EA100DB5839 /* Project object */ = {
			isa = PBXProject;
			attributes = {
				LastSwiftUpdateCheck = 0730;
				LastUpgradeCheck = 0810;
				ORGANIZATIONNAME = Raizlabs;
				TargetAttributes = {
					00F95A121D219EA100DB5839 = {
						CreatedOnToolsVersion = 7.3.1;
						LastSwiftMigration = 0810;
					};
					00F95A261D219EA100DB5839 = {
						CreatedOnToolsVersion = 7.3.1;
						LastSwiftMigration = 0810;
						TestTargetID = 00F95A121D219EA100DB5839;
					};
					00F95A311D219EA100DB5839 = {
						CreatedOnToolsVersion = 7.3.1;
						LastSwiftMigration = 0810;
						TestTargetID = 00F95A121D219EA100DB5839;
					};
				};
			};
			buildConfigurationList = 00F95A0E1D219EA100DB5839 /* Build configuration list for PBXProject "RZCardEntry" */;
			compatibilityVersion = "Xcode 3.2";
			developmentRegion = English;
			hasScannedForEncodings = 0;
			knownRegions = (
				en,
				Base,
			);
			mainGroup = 00F95A0A1D219EA100DB5839;
			productRefGroup = 00F95A141D219EA100DB5839 /* Products */;
			projectDirPath = "";
			projectRoot = "";
			targets = (
				00F95A121D219EA100DB5839 /* RZCardEntry */,
				00F95A261D219EA100DB5839 /* RZCardEntryTests */,
				00F95A311D219EA100DB5839 /* RZCardEntryUITests */,
			);
		};
/* End PBXProject section */

/* Begin PBXResourcesBuildPhase section */
		00F95A111D219EA100DB5839 /* Resources */ = {
			isa = PBXResourcesBuildPhase;
			buildActionMask = 2147483647;
			files = (
				00F95A1E1D219EA100DB5839 /* Assets.xcassets in Resources */,
			);
			runOnlyForDeploymentPostprocessing = 0;
		};
		00F95A251D219EA100DB5839 /* Resources */ = {
			isa = PBXResourcesBuildPhase;
			buildActionMask = 2147483647;
			files = (
			);
			runOnlyForDeploymentPostprocessing = 0;
		};
		00F95A301D219EA100DB5839 /* Resources */ = {
			isa = PBXResourcesBuildPhase;
			buildActionMask = 2147483647;
			files = (
			);
			runOnlyForDeploymentPostprocessing = 0;
		};
/* End PBXResourcesBuildPhase section */

/* Begin PBXSourcesBuildPhase section */
		00F95A0F1D219EA100DB5839 /* Sources */ = {
			isa = PBXSourcesBuildPhase;
			buildActionMask = 2147483647;
			files = (
				002DC7DB1DD368EB00899FC1 /* CreditCardForm.swift in Sources */,
				00F95A191D219EA100DB5839 /* ViewController.swift in Sources */,
				002DC7D31DD261C200899FC1 /* UITextfield+BackspaceNotification.swift in Sources */,
				002DC7D91DD28B6D00899FC1 /* ZipCodeFieldProcessor.swift in Sources */,
				002DC7D71DD28AA000899FC1 /* CVVFieldProcessor.swift in Sources */,
				00F95A171D219EA100DB5839 /* AppDelegate.swift in Sources */,
				002EECE01D22C2010005F19C /* CardType.swift in Sources */,
				002DC7D51DD26D5900899FC1 /* ExpirationDateFieldProcessor.swift in Sources */,
				002DC7CB1DD22B8F00899FC1 /* FieldProcessor.swift in Sources */,
				002DC7CF1DD2483900899FC1 /* RangeHelpers.swift in Sources */,
				002DC7CD1DD22BC000899FC1 /* CreditCardFieldProcessor.swift in Sources */,
				002DC7D11DD251E400899FC1 /* UITextField+Animations.swift in Sources */,
			);
			runOnlyForDeploymentPostprocessing = 0;
		};
		00F95A231D219EA100DB5839 /* Sources */ = {
			isa = PBXSourcesBuildPhase;
			buildActionMask = 2147483647;
			files = (
				002F76E51DD6754700B93CAB /* ExpirationDateFieldProcessorTests.swift in Sources */,
				00F95A2C1D219EA100DB5839 /* RZCardEntryTests.swift in Sources */,
				00F19A1D1D9AE279009418B1 /* FieldProcessorTestHelpers.swift in Sources */,
				002F76E11DD669B500B93CAB /* CreditCardFieldProcessorTests.swift in Sources */,
			);
			runOnlyForDeploymentPostprocessing = 0;
		};
		00F95A2E1D219EA100DB5839 /* Sources */ = {
			isa = PBXSourcesBuildPhase;
			buildActionMask = 2147483647;
			files = (
				00F95A371D219EA100DB5839 /* RZCardEntryUITests.swift in Sources */,
			);
			runOnlyForDeploymentPostprocessing = 0;
		};
/* End PBXSourcesBuildPhase section */

/* Begin PBXTargetDependency section */
		00F95A291D219EA100DB5839 /* PBXTargetDependency */ = {
			isa = PBXTargetDependency;
			target = 00F95A121D219EA100DB5839 /* RZCardEntry */;
			targetProxy = 00F95A281D219EA100DB5839 /* PBXContainerItemProxy */;
		};
		00F95A341D219EA100DB5839 /* PBXTargetDependency */ = {
			isa = PBXTargetDependency;
			target = 00F95A121D219EA100DB5839 /* RZCardEntry */;
			targetProxy = 00F95A331D219EA100DB5839 /* PBXContainerItemProxy */;
		};
/* End PBXTargetDependency section */

/* Begin XCBuildConfiguration section */
		00F95A391D219EA100DB5839 /* Debug */ = {
			isa = XCBuildConfiguration;
			buildSettings = {
				ALWAYS_SEARCH_USER_PATHS = NO;
				CLANG_ANALYZER_NONNULL = YES;
				CLANG_CXX_LANGUAGE_STANDARD = "gnu++0x";
				CLANG_CXX_LIBRARY = "libc++";
				CLANG_ENABLE_MODULES = YES;
				CLANG_ENABLE_OBJC_ARC = YES;
				CLANG_WARN_BOOL_CONVERSION = YES;
				CLANG_WARN_CONSTANT_CONVERSION = YES;
				CLANG_WARN_DIRECT_OBJC_ISA_USAGE = YES_ERROR;
				CLANG_WARN_EMPTY_BODY = YES;
				CLANG_WARN_ENUM_CONVERSION = YES;
				CLANG_WARN_INFINITE_RECURSION = YES;
				CLANG_WARN_INT_CONVERSION = YES;
				CLANG_WARN_OBJC_ROOT_CLASS = YES_ERROR;
				CLANG_WARN_SUSPICIOUS_MOVE = YES;
				CLANG_WARN_UNREACHABLE_CODE = YES;
				CLANG_WARN__DUPLICATE_METHOD_MATCH = YES;
				"CODE_SIGN_IDENTITY[sdk=iphoneos*]" = "iPhone Developer";
				COPY_PHASE_STRIP = NO;
				DEBUG_INFORMATION_FORMAT = dwarf;
				ENABLE_STRICT_OBJC_MSGSEND = YES;
				ENABLE_TESTABILITY = YES;
				GCC_C_LANGUAGE_STANDARD = gnu99;
				GCC_DYNAMIC_NO_PIC = NO;
				GCC_NO_COMMON_BLOCKS = YES;
				GCC_OPTIMIZATION_LEVEL = 0;
				GCC_PREPROCESSOR_DEFINITIONS = (
					"DEBUG=1",
					"$(inherited)",
				);
				GCC_WARN_64_TO_32_BIT_CONVERSION = YES;
				GCC_WARN_ABOUT_RETURN_TYPE = YES_ERROR;
				GCC_WARN_UNDECLARED_SELECTOR = YES;
				GCC_WARN_UNINITIALIZED_AUTOS = YES_AGGRESSIVE;
				GCC_WARN_UNUSED_FUNCTION = YES;
				GCC_WARN_UNUSED_VARIABLE = YES;
				IPHONEOS_DEPLOYMENT_TARGET = 9.3;
				MTL_ENABLE_DEBUG_INFO = YES;
				ONLY_ACTIVE_ARCH = YES;
				SDKROOT = iphoneos;
				SWIFT_OPTIMIZATION_LEVEL = "-Onone";
				TARGETED_DEVICE_FAMILY = "1,2";
			};
			name = Debug;
		};
		00F95A3A1D219EA100DB5839 /* Release */ = {
			isa = XCBuildConfiguration;
			buildSettings = {
				ALWAYS_SEARCH_USER_PATHS = NO;
				CLANG_ANALYZER_NONNULL = YES;
				CLANG_CXX_LANGUAGE_STANDARD = "gnu++0x";
				CLANG_CXX_LIBRARY = "libc++";
				CLANG_ENABLE_MODULES = YES;
				CLANG_ENABLE_OBJC_ARC = YES;
				CLANG_WARN_BOOL_CONVERSION = YES;
				CLANG_WARN_CONSTANT_CONVERSION = YES;
				CLANG_WARN_DIRECT_OBJC_ISA_USAGE = YES_ERROR;
				CLANG_WARN_EMPTY_BODY = YES;
				CLANG_WARN_ENUM_CONVERSION = YES;
				CLANG_WARN_INFINITE_RECURSION = YES;
				CLANG_WARN_INT_CONVERSION = YES;
				CLANG_WARN_OBJC_ROOT_CLASS = YES_ERROR;
				CLANG_WARN_SUSPICIOUS_MOVE = YES;
				CLANG_WARN_UNREACHABLE_CODE = YES;
				CLANG_WARN__DUPLICATE_METHOD_MATCH = YES;
				"CODE_SIGN_IDENTITY[sdk=iphoneos*]" = "iPhone Developer";
				COPY_PHASE_STRIP = NO;
				DEBUG_INFORMATION_FORMAT = "dwarf-with-dsym";
				ENABLE_NS_ASSERTIONS = NO;
				ENABLE_STRICT_OBJC_MSGSEND = YES;
				GCC_C_LANGUAGE_STANDARD = gnu99;
				GCC_NO_COMMON_BLOCKS = YES;
				GCC_WARN_64_TO_32_BIT_CONVERSION = YES;
				GCC_WARN_ABOUT_RETURN_TYPE = YES_ERROR;
				GCC_WARN_UNDECLARED_SELECTOR = YES;
				GCC_WARN_UNINITIALIZED_AUTOS = YES_AGGRESSIVE;
				GCC_WARN_UNUSED_FUNCTION = YES;
				GCC_WARN_UNUSED_VARIABLE = YES;
				IPHONEOS_DEPLOYMENT_TARGET = 9.3;
				MTL_ENABLE_DEBUG_INFO = NO;
				SDKROOT = iphoneos;
				SWIFT_OPTIMIZATION_LEVEL = "-Owholemodule";
				TARGETED_DEVICE_FAMILY = "1,2";
				VALIDATE_PRODUCT = YES;
			};
			name = Release;
		};
		00F95A3C1D219EA100DB5839 /* Debug */ = {
			isa = XCBuildConfiguration;
			buildSettings = {
				ASSETCATALOG_COMPILER_APPICON_NAME = AppIcon;
				INFOPLIST_FILE = RZCardEntry/Info.plist;
				IPHONEOS_DEPLOYMENT_TARGET = 10.0;
				LD_RUNPATH_SEARCH_PATHS = "$(inherited) @executable_path/Frameworks";
				PRODUCT_BUNDLE_IDENTIFIER = com.raizlabs.RZCardEntry;
				PRODUCT_NAME = "$(TARGET_NAME)";
				SWIFT_VERSION = 3.0;
			};
			name = Debug;
		};
		00F95A3D1D219EA100DB5839 /* Release */ = {
			isa = XCBuildConfiguration;
			buildSettings = {
				ASSETCATALOG_COMPILER_APPICON_NAME = AppIcon;
				INFOPLIST_FILE = RZCardEntry/Info.plist;
				IPHONEOS_DEPLOYMENT_TARGET = 10.0;
				LD_RUNPATH_SEARCH_PATHS = "$(inherited) @executable_path/Frameworks";
				PRODUCT_BUNDLE_IDENTIFIER = com.raizlabs.RZCardEntry;
				PRODUCT_NAME = "$(TARGET_NAME)";
				SWIFT_VERSION = 3.0;
			};
			name = Release;
		};
		00F95A3F1D219EA100DB5839 /* Debug */ = {
			isa = XCBuildConfiguration;
			buildSettings = {
				BUNDLE_LOADER = "$(TEST_HOST)";
				INFOPLIST_FILE = RZCardEntryTests/Info.plist;
				IPHONEOS_DEPLOYMENT_TARGET = 10.0;
				LD_RUNPATH_SEARCH_PATHS = "$(inherited) @executable_path/Frameworks @loader_path/Frameworks";
				PRODUCT_BUNDLE_IDENTIFIER = com.raizlabs.RZCardEntryTests;
				PRODUCT_NAME = "$(TARGET_NAME)";
				SWIFT_VERSION = 3.0;
				TEST_HOST = "$(BUILT_PRODUCTS_DIR)/RZCardEntry.app/RZCardEntry";
			};
			name = Debug;
		};
		00F95A401D219EA100DB5839 /* Release */ = {
			isa = XCBuildConfiguration;
			buildSettings = {
				BUNDLE_LOADER = "$(TEST_HOST)";
				INFOPLIST_FILE = RZCardEntryTests/Info.plist;
				IPHONEOS_DEPLOYMENT_TARGET = 10.0;
				LD_RUNPATH_SEARCH_PATHS = "$(inherited) @executable_path/Frameworks @loader_path/Frameworks";
				PRODUCT_BUNDLE_IDENTIFIER = com.raizlabs.RZCardEntryTests;
				PRODUCT_NAME = "$(TARGET_NAME)";
				SWIFT_VERSION = 3.0;
				TEST_HOST = "$(BUILT_PRODUCTS_DIR)/RZCardEntry.app/RZCardEntry";
			};
			name = Release;
		};
		00F95A421D219EA100DB5839 /* Debug */ = {
			isa = XCBuildConfiguration;
			buildSettings = {
				INFOPLIST_FILE = RZCardEntryUITests/Info.plist;
				IPHONEOS_DEPLOYMENT_TARGET = 10.0;
				LD_RUNPATH_SEARCH_PATHS = "$(inherited) @executable_path/Frameworks @loader_path/Frameworks";
				PRODUCT_BUNDLE_IDENTIFIER = com.raizlabs.RZCardEntryUITests;
				PRODUCT_NAME = "$(TARGET_NAME)";
				SWIFT_VERSION = 3.0;
				TEST_TARGET_NAME = RZCardEntry;
			};
			name = Debug;
		};
		00F95A431D219EA100DB5839 /* Release */ = {
			isa = XCBuildConfiguration;
			buildSettings = {
				INFOPLIST_FILE = RZCardEntryUITests/Info.plist;
				IPHONEOS_DEPLOYMENT_TARGET = 10.0;
				LD_RUNPATH_SEARCH_PATHS = "$(inherited) @executable_path/Frameworks @loader_path/Frameworks";
				PRODUCT_BUNDLE_IDENTIFIER = com.raizlabs.RZCardEntryUITests;
				PRODUCT_NAME = "$(TARGET_NAME)";
				SWIFT_VERSION = 3.0;
				TEST_TARGET_NAME = RZCardEntry;
			};
			name = Release;
		};
/* End XCBuildConfiguration section */

/* Begin XCConfigurationList section */
		00F95A0E1D219EA100DB5839 /* Build configuration list for PBXProject "RZCardEntry" */ = {
			isa = XCConfigurationList;
			buildConfigurations = (
				00F95A391D219EA100DB5839 /* Debug */,
				00F95A3A1D219EA100DB5839 /* Release */,
			);
			defaultConfigurationIsVisible = 0;
			defaultConfigurationName = Release;
		};
		00F95A3B1D219EA100DB5839 /* Build configuration list for PBXNativeTarget "RZCardEntry" */ = {
			isa = XCConfigurationList;
			buildConfigurations = (
				00F95A3C1D219EA100DB5839 /* Debug */,
				00F95A3D1D219EA100DB5839 /* Release */,
			);
			defaultConfigurationIsVisible = 0;
			defaultConfigurationName = Release;
		};
		00F95A3E1D219EA100DB5839 /* Build configuration list for PBXNativeTarget "RZCardEntryTests" */ = {
			isa = XCConfigurationList;
			buildConfigurations = (
				00F95A3F1D219EA100DB5839 /* Debug */,
				00F95A401D219EA100DB5839 /* Release */,
			);
			defaultConfigurationIsVisible = 0;
			defaultConfigurationName = Release;
		};
		00F95A411D219EA100DB5839 /* Build configuration list for PBXNativeTarget "RZCardEntryUITests" */ = {
			isa = XCConfigurationList;
			buildConfigurations = (
				00F95A421D219EA100DB5839 /* Debug */,
				00F95A431D219EA100DB5839 /* Release */,
			);
			defaultConfigurationIsVisible = 0;
			defaultConfigurationName = Release;
		};
/* End XCConfigurationList section */
	};
	rootObject = 00F95A0B1D219EA100DB5839 /* Project object */;
}
