// !$*UTF8*$!
{
	archiveVersion = 1;
	classes = {
	};
	objectVersion = 46;
	objects = {

/* Begin PBXBuildFile section */
		0018298B1F19197600782485 /* CardParser.swift in Sources */ = {isa = PBXBuildFile; fileRef = 0018297C1F19197600782485 /* CardParser.swift */; };
		0018298C1F19197600782485 /* FormattableTextField.swift in Sources */ = {isa = PBXBuildFile; fileRef = 0018297E1F19197600782485 /* FormattableTextField.swift */; };
		0018298D1F19197600782485 /* FormattableTextFieldDelegate.swift in Sources */ = {isa = PBXBuildFile; fileRef = 0018297F1F19197600782485 /* FormattableTextFieldDelegate.swift */; };
		0018298E1F19197600782485 /* CreditCardFormatter.swift in Sources */ = {isa = PBXBuildFile; fileRef = 001829811F19197600782485 /* CreditCardFormatter.swift */; };
		0018298F1F19197600782485 /* CVVFormatter.swift in Sources */ = {isa = PBXBuildFile; fileRef = 001829821F19197600782485 /* CVVFormatter.swift */; };
		001829901F19197600782485 /* ExpirationDateFormatter.swift in Sources */ = {isa = PBXBuildFile; fileRef = 001829831F19197600782485 /* ExpirationDateFormatter.swift */; };
		001829911F19197600782485 /* ZipFormatter.swift in Sources */ = {isa = PBXBuildFile; fileRef = 001829841F19197600782485 /* ZipFormatter.swift */; };
		001829921F19197600782485 /* TextFieldFormatter.swift in Sources */ = {isa = PBXBuildFile; fileRef = 001829851F19197600782485 /* TextFieldFormatter.swift */; };
		001829931F19197600782485 /* TextFieldFormatterDataTypes.swift in Sources */ = {isa = PBXBuildFile; fileRef = 001829861F19197600782485 /* TextFieldFormatterDataTypes.swift */; };
		001829941F19197600782485 /* RangeHelpers.swift in Sources */ = {isa = PBXBuildFile; fileRef = 001829881F19197600782485 /* RangeHelpers.swift */; };
		001829951F19197600782485 /* String+CursorFingerprint.swift in Sources */ = {isa = PBXBuildFile; fileRef = 001829891F19197600782485 /* String+CursorFingerprint.swift */; };
		001829961F19197600782485 /* String+Filtering.swift in Sources */ = {isa = PBXBuildFile; fileRef = 0018298A1F19197600782485 /* String+Filtering.swift */; };
		001829A01F1919FB00782485 /* EmailFormatter.swift in Sources */ = {isa = PBXBuildFile; fileRef = 0018299B1F1919FB00782485 /* EmailFormatter.swift */; };
		001829A11F1919FB00782485 /* NameFormatter.swift in Sources */ = {isa = PBXBuildFile; fileRef = 0018299C1F1919FB00782485 /* NameFormatter.swift */; };
		001829A41F19484300782485 /* FormattableTextField+LayoutMargins.swift in Sources */ = {isa = PBXBuildFile; fileRef = 001829A31F19484300782485 /* FormattableTextField+LayoutMargins.swift */; };
		001829AA1F1CF95800782485 /* CardStateTests.swift in Sources */ = {isa = PBXBuildFile; fileRef = 001829A51F1CF95800782485 /* CardStateTests.swift */; };
		001829AB1F1CF95800782485 /* CardTypeTests.swift in Sources */ = {isa = PBXBuildFile; fileRef = 001829A61F1CF95800782485 /* CardTypeTests.swift */; };
		001829AC1F1CF95800782485 /* CreditCardFormatterTests.swift in Sources */ = {isa = PBXBuildFile; fileRef = 001829A71F1CF95800782485 /* CreditCardFormatterTests.swift */; };
		001829AD1F1CF95800782485 /* ExpirationDateFormatterTests.swift in Sources */ = {isa = PBXBuildFile; fileRef = 001829A81F1CF95800782485 /* ExpirationDateFormatterTests.swift */; };
		001829AE1F1CF95800782485 /* FormattableTextFieldTestHelpers.swift in Sources */ = {isa = PBXBuildFile; fileRef = 001829A91F1CF95800782485 /* FormattableTextFieldTestHelpers.swift */; };
		00F95A171D219EA100DB5839 /* AppDelegate.swift in Sources */ = {isa = PBXBuildFile; fileRef = 00F95A161D219EA100DB5839 /* AppDelegate.swift */; };
		00F95A191D219EA100DB5839 /* ViewController.swift in Sources */ = {isa = PBXBuildFile; fileRef = 00F95A181D219EA100DB5839 /* ViewController.swift */; };
		00F95A1E1D219EA100DB5839 /* Assets.xcassets in Resources */ = {isa = PBXBuildFile; fileRef = 00F95A1D1D219EA100DB5839 /* Assets.xcassets */; };
		00F95A371D219EA100DB5839 /* RZCardEntryUITests.swift in Sources */ = {isa = PBXBuildFile; fileRef = 00F95A361D219EA100DB5839 /* RZCardEntryUITests.swift */; };
/* End PBXBuildFile section */

/* Begin PBXContainerItemProxy section */
		00F95A281D219EA100DB5839 /* PBXContainerItemProxy */ = {
			isa = PBXContainerItemProxy;
			containerPortal = 00F95A0B1D219EA100DB5839 /* Project object */;
			proxyType = 1;
			remoteGlobalIDString = 00F95A121D219EA100DB5839;
			remoteInfo = RZCardEntry;
		};
		00F95A331D219EA100DB5839 /* PBXContainerItemProxy */ = {
			isa = PBXContainerItemProxy;
			containerPortal = 00F95A0B1D219EA100DB5839 /* Project object */;
			proxyType = 1;
			remoteGlobalIDString = 00F95A121D219EA100DB5839;
			remoteInfo = RZCardEntry;
		};
/* End PBXContainerItemProxy section */

/* Begin PBXFileReference section */
		0018297C1F19197600782485 /* CardParser.swift */ = {isa = PBXFileReference; fileEncoding = 4; lastKnownFileType = sourcecode.swift; path = CardParser.swift; sourceTree = "<group>"; };
		0018297E1F19197600782485 /* FormattableTextField.swift */ = {isa = PBXFileReference; fileEncoding = 4; lastKnownFileType = sourcecode.swift; name = FormattableTextField.swift; path = CardEntry/FormattableTextField/FormattableTextField.swift; sourceTree = "<group>"; };
		0018297F1F19197600782485 /* FormattableTextFieldDelegate.swift */ = {isa = PBXFileReference; fileEncoding = 4; lastKnownFileType = sourcecode.swift; name = FormattableTextFieldDelegate.swift; path = CardEntry/FormattableTextField/FormattableTextFieldDelegate.swift; sourceTree = "<group>"; };
		001829811F19197600782485 /* CreditCardFormatter.swift */ = {isa = PBXFileReference; fileEncoding = 4; lastKnownFileType = sourcecode.swift; name = CreditCardFormatter.swift; path = FormattableTextField/Formatters/CreditCardFormatter.swift; sourceTree = "<group>"; };
		001829821F19197600782485 /* CVVFormatter.swift */ = {isa = PBXFileReference; fileEncoding = 4; lastKnownFileType = sourcecode.swift; name = CVVFormatter.swift; path = FormattableTextField/Formatters/CVVFormatter.swift; sourceTree = "<group>"; };
		001829831F19197600782485 /* ExpirationDateFormatter.swift */ = {isa = PBXFileReference; fileEncoding = 4; lastKnownFileType = sourcecode.swift; name = ExpirationDateFormatter.swift; path = FormattableTextField/Formatters/ExpirationDateFormatter.swift; sourceTree = "<group>"; };
		001829841F19197600782485 /* ZipFormatter.swift */ = {isa = PBXFileReference; fileEncoding = 4; lastKnownFileType = sourcecode.swift; name = ZipFormatter.swift; path = FormattableTextField/Formatters/ZipFormatter.swift; sourceTree = "<group>"; };
		001829851F19197600782485 /* TextFieldFormatter.swift */ = {isa = PBXFileReference; fileEncoding = 4; lastKnownFileType = sourcecode.swift; name = TextFieldFormatter.swift; path = CardEntry/FormattableTextField/TextFieldFormatter.swift; sourceTree = "<group>"; };
		001829861F19197600782485 /* TextFieldFormatterDataTypes.swift */ = {isa = PBXFileReference; fileEncoding = 4; lastKnownFileType = sourcecode.swift; name = TextFieldFormatterDataTypes.swift; path = CardEntry/FormattableTextField/TextFieldFormatterDataTypes.swift; sourceTree = "<group>"; };
		001829881F19197600782485 /* RangeHelpers.swift */ = {isa = PBXFileReference; fileEncoding = 4; lastKnownFileType = sourcecode.swift; path = RangeHelpers.swift; sourceTree = "<group>"; };
		001829891F19197600782485 /* String+CursorFingerprint.swift */ = {isa = PBXFileReference; fileEncoding = 4; lastKnownFileType = sourcecode.swift; path = "String+CursorFingerprint.swift"; sourceTree = "<group>"; };
		0018298A1F19197600782485 /* String+Filtering.swift */ = {isa = PBXFileReference; fileEncoding = 4; lastKnownFileType = sourcecode.swift; path = "String+Filtering.swift"; sourceTree = "<group>"; };
		0018299B1F1919FB00782485 /* EmailFormatter.swift */ = {isa = PBXFileReference; fileEncoding = 4; lastKnownFileType = sourcecode.swift; path = EmailFormatter.swift; sourceTree = "<group>"; };
		0018299C1F1919FB00782485 /* NameFormatter.swift */ = {isa = PBXFileReference; fileEncoding = 4; lastKnownFileType = sourcecode.swift; path = NameFormatter.swift; sourceTree = "<group>"; };
		001829A31F19484300782485 /* FormattableTextField+LayoutMargins.swift */ = {isa = PBXFileReference; fileEncoding = 4; lastKnownFileType = sourcecode.swift; name = "FormattableTextField+LayoutMargins.swift"; path = "../../../FormattableTextField+LayoutMargins.swift"; sourceTree = "<group>"; };
		001829A51F1CF95800782485 /* CardStateTests.swift */ = {isa = PBXFileReference; fileEncoding = 4; lastKnownFileType = sourcecode.swift; path = CardStateTests.swift; sourceTree = "<group>"; };
		001829A61F1CF95800782485 /* CardTypeTests.swift */ = {isa = PBXFileReference; fileEncoding = 4; lastKnownFileType = sourcecode.swift; path = CardTypeTests.swift; sourceTree = "<group>"; };
		001829A71F1CF95800782485 /* CreditCardFormatterTests.swift */ = {isa = PBXFileReference; fileEncoding = 4; lastKnownFileType = sourcecode.swift; path = CreditCardFormatterTests.swift; sourceTree = "<group>"; };
		001829A81F1CF95800782485 /* ExpirationDateFormatterTests.swift */ = {isa = PBXFileReference; fileEncoding = 4; lastKnownFileType = sourcecode.swift; path = ExpirationDateFormatterTests.swift; sourceTree = "<group>"; };
		001829A91F1CF95800782485 /* FormattableTextFieldTestHelpers.swift */ = {isa = PBXFileReference; fileEncoding = 4; lastKnownFileType = sourcecode.swift; path = FormattableTextFieldTestHelpers.swift; sourceTree = "<group>"; };
		00F95A131D219EA100DB5839 /* RZCardEntry.app */ = {isa = PBXFileReference; explicitFileType = wrapper.application; includeInIndex = 0; path = RZCardEntry.app; sourceTree = BUILT_PRODUCTS_DIR; };
		00F95A161D219EA100DB5839 /* AppDelegate.swift */ = {isa = PBXFileReference; lastKnownFileType = sourcecode.swift; path = AppDelegate.swift; sourceTree = "<group>"; };
		00F95A181D219EA100DB5839 /* ViewController.swift */ = {isa = PBXFileReference; lastKnownFileType = sourcecode.swift; path = ViewController.swift; sourceTree = "<group>"; };
		00F95A1D1D219EA100DB5839 /* Assets.xcassets */ = {isa = PBXFileReference; lastKnownFileType = folder.assetcatalog; path = Assets.xcassets; sourceTree = "<group>"; };
		00F95A221D219EA100DB5839 /* Info.plist */ = {isa = PBXFileReference; lastKnownFileType = text.plist.xml; path = Info.plist; sourceTree = "<group>"; };
		00F95A271D219EA100DB5839 /* RZCardEntryTests.xctest */ = {isa = PBXFileReference; explicitFileType = wrapper.cfbundle; includeInIndex = 0; path = RZCardEntryTests.xctest; sourceTree = BUILT_PRODUCTS_DIR; };
		00F95A2D1D219EA100DB5839 /* Info.plist */ = {isa = PBXFileReference; lastKnownFileType = text.plist.xml; path = Info.plist; sourceTree = "<group>"; };
		00F95A321D219EA100DB5839 /* RZCardEntryUITests.xctest */ = {isa = PBXFileReference; explicitFileType = wrapper.cfbundle; includeInIndex = 0; path = RZCardEntryUITests.xctest; sourceTree = BUILT_PRODUCTS_DIR; };
		00F95A361D219EA100DB5839 /* RZCardEntryUITests.swift */ = {isa = PBXFileReference; lastKnownFileType = sourcecode.swift; path = RZCardEntryUITests.swift; sourceTree = "<group>"; };
		00F95A381D219EA100DB5839 /* Info.plist */ = {isa = PBXFileReference; lastKnownFileType = text.plist.xml; path = Info.plist; sourceTree = "<group>"; };
/* End PBXFileReference section */

/* Begin PBXFrameworksBuildPhase section */
		00F95A101D219EA100DB5839 /* Frameworks */ = {
			isa = PBXFrameworksBuildPhase;
			buildActionMask = 2147483647;
			files = (
			);
			runOnlyForDeploymentPostprocessing = 0;
		};
		00F95A241D219EA100DB5839 /* Frameworks */ = {
			isa = PBXFrameworksBuildPhase;
			buildActionMask = 2147483647;
			files = (
			);
			runOnlyForDeploymentPostprocessing = 0;
		};
		00F95A2F1D219EA100DB5839 /* Frameworks */ = {
			isa = PBXFrameworksBuildPhase;
			buildActionMask = 2147483647;
			files = (
			);
			runOnlyForDeploymentPostprocessing = 0;
		};
/* End PBXFrameworksBuildPhase section */

/* Begin PBXGroup section */
		0018297B1F19197600782485 /* CardEntry */ = {
			isa = PBXGroup;
			children = (
				0018297C1F19197600782485 /* CardParser.swift */,
				001829811F19197600782485 /* CreditCardFormatter.swift */,
				001829821F19197600782485 /* CVVFormatter.swift */,
				001829831F19197600782485 /* ExpirationDateFormatter.swift */,
				001829841F19197600782485 /* ZipFormatter.swift */,
			);
			path = CardEntry;
			sourceTree = "<group>";
		};
		001829801F19197600782485 /* Formatters */ = {
			isa = PBXGroup;
			children = (
				0018299B1F1919FB00782485 /* EmailFormatter.swift */,
				0018299C1F1919FB00782485 /* NameFormatter.swift */,
			);
			name = Formatters;
			path = CardEntry/FormattableTextField/Formatters;
			sourceTree = "<group>";
		};
		001829871F19197600782485 /* Extensions */ = {
			isa = PBXGroup;
			children = (
				001829881F19197600782485 /* RangeHelpers.swift */,
				001829891F19197600782485 /* String+CursorFingerprint.swift */,
				0018298A1F19197600782485 /* String+Filtering.swift */,
				001829A31F19484300782485 /* FormattableTextField+LayoutMargins.swift */,
			);
			name = Extensions;
			path = CardEntry/FormattableTextField/Utilities;
			sourceTree = "<group>";
		};
		001829971F19199200782485 /* FormattableTextField */ = {
			isa = PBXGroup;
			children = (
				001829981F1919D600782485 /* FormattableTextField */,
				001829801F19197600782485 /* Formatters */,
			);
			name = FormattableTextField;
			sourceTree = "<group>";
		};
		001829981F1919D600782485 /* FormattableTextField */ = {
			isa = PBXGroup;
			children = (
				0018297E1F19197600782485 /* FormattableTextField.swift */,
				0018297F1F19197600782485 /* FormattableTextFieldDelegate.swift */,
				001829851F19197600782485 /* TextFieldFormatter.swift */,
				001829861F19197600782485 /* TextFieldFormatterDataTypes.swift */,
				001829871F19197600782485 /* Extensions */,
			);
			name = FormattableTextField;
			sourceTree = "<group>";
		};
		00F95A0A1D219EA100DB5839 = {
			isa = PBXGroup;
			children = (
				00F95A151D219EA100DB5839 /* RZCardEntry */,
				00F95A2A1D219EA100DB5839 /* RZCardEntryTests */,
				00F95A351D219EA100DB5839 /* RZCardEntryUITests */,
				00F95A141D219EA100DB5839 /* Products */,
			);
			sourceTree = "<group>";
		};
		00F95A141D219EA100DB5839 /* Products */ = {
			isa = PBXGroup;
			children = (
				00F95A131D219EA100DB5839 /* RZCardEntry.app */,
				00F95A271D219EA100DB5839 /* RZCardEntryTests.xctest */,
				00F95A321D219EA100DB5839 /* RZCardEntryUITests.xctest */,
			);
			name = Products;
			sourceTree = "<group>";
		};
		00F95A151D219EA100DB5839 /* RZCardEntry */ = {
			isa = PBXGroup;
			children = (
				001829971F19199200782485 /* FormattableTextField */,
				0018297B1F19197600782485 /* CardEntry */,
				00F95A161D219EA100DB5839 /* AppDelegate.swift */,
				00F95A181D219EA100DB5839 /* ViewController.swift */,
				00F95A1D1D219EA100DB5839 /* Assets.xcassets */,
				00F95A221D219EA100DB5839 /* Info.plist */,
			);
			path = RZCardEntry;
			sourceTree = "<group>";
		};
		00F95A2A1D219EA100DB5839 /* RZCardEntryTests */ = {
			isa = PBXGroup;
			children = (
				001829A51F1CF95800782485 /* CardStateTests.swift */,
				001829A61F1CF95800782485 /* CardTypeTests.swift */,
				001829A71F1CF95800782485 /* CreditCardFormatterTests.swift */,
				001829A81F1CF95800782485 /* ExpirationDateFormatterTests.swift */,
				001829A91F1CF95800782485 /* FormattableTextFieldTestHelpers.swift */,
				00F95A2D1D219EA100DB5839 /* Info.plist */,
			);
			path = RZCardEntryTests;
			sourceTree = "<group>";
		};
		00F95A351D219EA100DB5839 /* RZCardEntryUITests */ = {
			isa = PBXGroup;
			children = (
				00F95A361D219EA100DB5839 /* RZCardEntryUITests.swift */,
				00F95A381D219EA100DB5839 /* Info.plist */,
			);
			path = RZCardEntryUITests;
			sourceTree = "<group>";
		};
/* End PBXGroup section */

/* Begin PBXNativeTarget section */
		00F95A121D219EA100DB5839 /* RZCardEntry */ = {
			isa = PBXNativeTarget;
			buildConfigurationList = 00F95A3B1D219EA100DB5839 /* Build configuration list for PBXNativeTarget "RZCardEntry" */;
			buildPhases = (
				00F95A0F1D219EA100DB5839 /* Sources */,
				00F95A101D219EA100DB5839 /* Frameworks */,
				00F95A111D219EA100DB5839 /* Resources */,
			);
			buildRules = (
			);
			dependencies = (
			);
			name = RZCardEntry;
			productName = RZCardEntry;
			productReference = 00F95A131D219EA100DB5839 /* RZCardEntry.app */;
			productType = "com.apple.product-type.application";
		};
		00F95A261D219EA100DB5839 /* RZCardEntryTests */ = {
			isa = PBXNativeTarget;
			buildConfigurationList = 00F95A3E1D219EA100DB5839 /* Build configuration list for PBXNativeTarget "RZCardEntryTests" */;
			buildPhases = (
				00F95A231D219EA100DB5839 /* Sources */,
				00F95A241D219EA100DB5839 /* Frameworks */,
				00F95A251D219EA100DB5839 /* Resources */,
			);
			buildRules = (
			);
			dependencies = (
				00F95A291D219EA100DB5839 /* PBXTargetDependency */,
			);
			name = RZCardEntryTests;
			productName = RZCardEntryTests;
			productReference = 00F95A271D219EA100DB5839 /* RZCardEntryTests.xctest */;
			productType = "com.apple.product-type.bundle.unit-test";
		};
		00F95A311D219EA100DB5839 /* RZCardEntryUITests */ = {
			isa = PBXNativeTarget;
			buildConfigurationList = 00F95A411D219EA100DB5839 /* Build configuration list for PBXNativeTarget "RZCardEntryUITests" */;
			buildPhases = (
				00F95A2E1D219EA100DB5839 /* Sources */,
				00F95A2F1D219EA100DB5839 /* Frameworks */,
				00F95A301D219EA100DB5839 /* Resources */,
			);
			buildRules = (
			);
			dependencies = (
				00F95A341D219EA100DB5839 /* PBXTargetDependency */,
			);
			name = RZCardEntryUITests;
			productName = RZCardEntryUITests;
			productReference = 00F95A321D219EA100DB5839 /* RZCardEntryUITests.xctest */;
			productType = "com.apple.product-type.bundle.ui-testing";
		};
/* End PBXNativeTarget section */

/* Begin PBXProject section */
		00F95A0B1D219EA100DB5839 /* Project object */ = {
			isa = PBXProject;
			attributes = {
				LastSwiftUpdateCheck = 0730;
				LastUpgradeCheck = 0810;
				ORGANIZATIONNAME = Raizlabs;
				TargetAttributes = {
					00F95A121D219EA100DB5839 = {
						CreatedOnToolsVersion = 7.3.1;
						LastSwiftMigration = 0810;
					};
					00F95A261D219EA100DB5839 = {
						CreatedOnToolsVersion = 7.3.1;
						LastSwiftMigration = 0830;
						TestTargetID = 00F95A121D219EA100DB5839;
					};
					00F95A311D219EA100DB5839 = {
						CreatedOnToolsVersion = 7.3.1;
						LastSwiftMigration = 0810;
						TestTargetID = 00F95A121D219EA100DB5839;
					};
				};
			};
			buildConfigurationList = 00F95A0E1D219EA100DB5839 /* Build configuration list for PBXProject "RZCardEntry" */;
			compatibilityVersion = "Xcode 3.2";
			developmentRegion = English;
			hasScannedForEncodings = 0;
			knownRegions = (
				en,
				Base,
			);
			mainGroup = 00F95A0A1D219EA100DB5839;
			productRefGroup = 00F95A141D219EA100DB5839 /* Products */;
			projectDirPath = "";
			projectRoot = "";
			targets = (
				00F95A121D219EA100DB5839 /* RZCardEntry */,
				00F95A261D219EA100DB5839 /* RZCardEntryTests */,
				00F95A311D219EA100DB5839 /* RZCardEntryUITests */,
			);
		};
/* End PBXProject section */

/* Begin PBXResourcesBuildPhase section */
		00F95A111D219EA100DB5839 /* Resources */ = {
			isa = PBXResourcesBuildPhase;
			buildActionMask = 2147483647;
			files = (
				00F95A1E1D219EA100DB5839 /* Assets.xcassets in Resources */,
			);
			runOnlyForDeploymentPostprocessing = 0;
		};
		00F95A251D219EA100DB5839 /* Resources */ = {
			isa = PBXResourcesBuildPhase;
			buildActionMask = 2147483647;
			files = (
			);
			runOnlyForDeploymentPostprocessing = 0;
		};
		00F95A301D219EA100DB5839 /* Resources */ = {
			isa = PBXResourcesBuildPhase;
			buildActionMask = 2147483647;
			files = (
			);
			runOnlyForDeploymentPostprocessing = 0;
		};
/* End PBXResourcesBuildPhase section */

/* Begin PBXSourcesBuildPhase section */
		00F95A0F1D219EA100DB5839 /* Sources */ = {
			isa = PBXSourcesBuildPhase;
			buildActionMask = 2147483647;
			files = (
				001829951F19197600782485 /* String+CursorFingerprint.swift in Sources */,
				001829931F19197600782485 /* TextFieldFormatterDataTypes.swift in Sources */,
				0018298F1F19197600782485 /* CVVFormatter.swift in Sources */,
				00F95A191D219EA100DB5839 /* ViewController.swift in Sources */,
				0018298D1F19197600782485 /* FormattableTextFieldDelegate.swift in Sources */,
				0018298B1F19197600782485 /* CardParser.swift in Sources */,
				001829941F19197600782485 /* RangeHelpers.swift in Sources */,
				001829961F19197600782485 /* String+Filtering.swift in Sources */,
				00F95A171D219EA100DB5839 /* AppDelegate.swift in Sources */,
				001829901F19197600782485 /* ExpirationDateFormatter.swift in Sources */,
				0018298C1F19197600782485 /* FormattableTextField.swift in Sources */,
				0018298E1F19197600782485 /* CreditCardFormatter.swift in Sources */,
				001829921F19197600782485 /* TextFieldFormatter.swift in Sources */,
				001829A41F19484300782485 /* FormattableTextField+LayoutMargins.swift in Sources */,
				001829A01F1919FB00782485 /* EmailFormatter.swift in Sources */,
				001829911F19197600782485 /* ZipFormatter.swift in Sources */,
				001829A11F1919FB00782485 /* NameFormatter.swift in Sources */,
			);
			runOnlyForDeploymentPostprocessing = 0;
		};
		00F95A231D219EA100DB5839 /* Sources */ = {
			isa = PBXSourcesBuildPhase;
			buildActionMask = 2147483647;
			files = (
				001829AA1F1CF95800782485 /* CardStateTests.swift in Sources */,
				001829AD1F1CF95800782485 /* ExpirationDateFormatterTests.swift in Sources */,
				001829AB1F1CF95800782485 /* CardTypeTests.swift in Sources */,
				001829AE1F1CF95800782485 /* FormattableTextFieldTestHelpers.swift in Sources */,
				001829AC1F1CF95800782485 /* CreditCardFormatterTests.swift in Sources */,
			);
			runOnlyForDeploymentPostprocessing = 0;
		};
		00F95A2E1D219EA100DB5839 /* Sources */ = {
			isa = PBXSourcesBuildPhase;
			buildActionMask = 2147483647;
			files = (
				00F95A371D219EA100DB5839 /* RZCardEntryUITests.swift in Sources */,
			);
			runOnlyForDeploymentPostprocessing = 0;
		};
/* End PBXSourcesBuildPhase section */

/* Begin PBXTargetDependency section */
		00F95A291D219EA100DB5839 /* PBXTargetDependency */ = {
			isa = PBXTargetDependency;
			target = 00F95A121D219EA100DB5839 /* RZCardEntry */;
			targetProxy = 00F95A281D219EA100DB5839 /* PBXContainerItemProxy */;
		};
		00F95A341D219EA100DB5839 /* PBXTargetDependency */ = {
			isa = PBXTargetDependency;
			target = 00F95A121D219EA100DB5839 /* RZCardEntry */;
			targetProxy = 00F95A331D219EA100DB5839 /* PBXContainerItemProxy */;
		};
/* End PBXTargetDependency section */

/* Begin XCBuildConfiguration section */
		00F95A391D219EA100DB5839 /* Debug */ = {
			isa = XCBuildConfiguration;
			buildSettings = {
				ALWAYS_SEARCH_USER_PATHS = NO;
				CLANG_ANALYZER_NONNULL = YES;
				CLANG_CXX_LANGUAGE_STANDARD = "gnu++0x";
				CLANG_CXX_LIBRARY = "libc++";
				CLANG_ENABLE_MODULES = YES;
				CLANG_ENABLE_OBJC_ARC = YES;
				CLANG_WARN_BOOL_CONVERSION = YES;
				CLANG_WARN_CONSTANT_CONVERSION = YES;
				CLANG_WARN_DIRECT_OBJC_ISA_USAGE = YES_ERROR;
				CLANG_WARN_EMPTY_BODY = YES;
				CLANG_WARN_ENUM_CONVERSION = YES;
				CLANG_WARN_INFINITE_RECURSION = YES;
				CLANG_WARN_INT_CONVERSION = YES;
				CLANG_WARN_OBJC_ROOT_CLASS = YES_ERROR;
				CLANG_WARN_SUSPICIOUS_MOVE = YES;
				CLANG_WARN_UNREACHABLE_CODE = YES;
				CLANG_WARN__DUPLICATE_METHOD_MATCH = YES;
				"CODE_SIGN_IDENTITY[sdk=iphoneos*]" = "iPhone Developer";
				COPY_PHASE_STRIP = NO;
				DEBUG_INFORMATION_FORMAT = dwarf;
				ENABLE_STRICT_OBJC_MSGSEND = YES;
				ENABLE_TESTABILITY = YES;
				GCC_C_LANGUAGE_STANDARD = gnu99;
				GCC_DYNAMIC_NO_PIC = NO;
				GCC_NO_COMMON_BLOCKS = YES;
				GCC_OPTIMIZATION_LEVEL = 0;
				GCC_PREPROCESSOR_DEFINITIONS = (
					"DEBUG=1",
					"$(inherited)",
				);
				GCC_WARN_64_TO_32_BIT_CONVERSION = YES;
				GCC_WARN_ABOUT_RETURN_TYPE = YES_ERROR;
				GCC_WARN_UNDECLARED_SELECTOR = YES;
				GCC_WARN_UNINITIALIZED_AUTOS = YES_AGGRESSIVE;
				GCC_WARN_UNUSED_FUNCTION = YES;
				GCC_WARN_UNUSED_VARIABLE = YES;
				IPHONEOS_DEPLOYMENT_TARGET = 10.0;
				MTL_ENABLE_DEBUG_INFO = YES;
				ONLY_ACTIVE_ARCH = YES;
				SDKROOT = iphoneos;
				SWIFT_OPTIMIZATION_LEVEL = "-Onone";
				TARGETED_DEVICE_FAMILY = "1,2";
			};
			name = Debug;
		};
		00F95A3A1D219EA100DB5839 /* Release */ = {
			isa = XCBuildConfiguration;
			buildSettings = {
				ALWAYS_SEARCH_USER_PATHS = NO;
				CLANG_ANALYZER_NONNULL = YES;
				CLANG_CXX_LANGUAGE_STANDARD = "gnu++0x";
				CLANG_CXX_LIBRARY = "libc++";
				CLANG_ENABLE_MODULES = YES;
				CLANG_ENABLE_OBJC_ARC = YES;
				CLANG_WARN_BOOL_CONVERSION = YES;
				CLANG_WARN_CONSTANT_CONVERSION = YES;
				CLANG_WARN_DIRECT_OBJC_ISA_USAGE = YES_ERROR;
				CLANG_WARN_EMPTY_BODY = YES;
				CLANG_WARN_ENUM_CONVERSION = YES;
				CLANG_WARN_INFINITE_RECURSION = YES;
				CLANG_WARN_INT_CONVERSION = YES;
				CLANG_WARN_OBJC_ROOT_CLASS = YES_ERROR;
				CLANG_WARN_SUSPICIOUS_MOVE = YES;
				CLANG_WARN_UNREACHABLE_CODE = YES;
				CLANG_WARN__DUPLICATE_METHOD_MATCH = YES;
				"CODE_SIGN_IDENTITY[sdk=iphoneos*]" = "iPhone Developer";
				COPY_PHASE_STRIP = NO;
				DEBUG_INFORMATION_FORMAT = "dwarf-with-dsym";
				ENABLE_NS_ASSERTIONS = NO;
				ENABLE_STRICT_OBJC_MSGSEND = YES;
				GCC_C_LANGUAGE_STANDARD = gnu99;
				GCC_NO_COMMON_BLOCKS = YES;
				GCC_WARN_64_TO_32_BIT_CONVERSION = YES;
				GCC_WARN_ABOUT_RETURN_TYPE = YES_ERROR;
				GCC_WARN_UNDECLARED_SELECTOR = YES;
				GCC_WARN_UNINITIALIZED_AUTOS = YES_AGGRESSIVE;
				GCC_WARN_UNUSED_FUNCTION = YES;
				GCC_WARN_UNUSED_VARIABLE = YES;
				IPHONEOS_DEPLOYMENT_TARGET = 10.0;
				MTL_ENABLE_DEBUG_INFO = NO;
				SDKROOT = iphoneos;
				SWIFT_OPTIMIZATION_LEVEL = "-Owholemodule";
				TARGETED_DEVICE_FAMILY = "1,2";
				VALIDATE_PRODUCT = YES;
			};
			name = Release;
		};
		00F95A3C1D219EA100DB5839 /* Debug */ = {
			isa = XCBuildConfiguration;
			buildSettings = {
				ASSETCATALOG_COMPILER_APPICON_NAME = AppIcon;
				INFOPLIST_FILE = RZCardEntry/Info.plist;
				IPHONEOS_DEPLOYMENT_TARGET = 10.0;
				LD_RUNPATH_SEARCH_PATHS = "$(inherited) @executable_path/Frameworks";
				PRODUCT_BUNDLE_IDENTIFIER = com.raizlabs.RZCardEntry;
				PRODUCT_NAME = "$(TARGET_NAME)";
				SWIFT_VERSION = 3.0;
			};
			name = Debug;
		};
		00F95A3D1D219EA100DB5839 /* Release */ = {
			isa = XCBuildConfiguration;
			buildSettings = {
				ASSETCATALOG_COMPILER_APPICON_NAME = AppIcon;
				INFOPLIST_FILE = RZCardEntry/Info.plist;
				IPHONEOS_DEPLOYMENT_TARGET = 10.0;
				LD_RUNPATH_SEARCH_PATHS = "$(inherited) @executable_path/Frameworks";
				PRODUCT_BUNDLE_IDENTIFIER = com.raizlabs.RZCardEntry;
				PRODUCT_NAME = "$(TARGET_NAME)";
				SWIFT_VERSION = 3.0;
			};
			name = Release;
		};
		00F95A3F1D219EA100DB5839 /* Debug */ = {
			isa = XCBuildConfiguration;
			buildSettings = {
				BUNDLE_LOADER = "$(TEST_HOST)";
				CLANG_ENABLE_MODULES = YES;
				INFOPLIST_FILE = RZCardEntryTests/Info.plist;
				IPHONEOS_DEPLOYMENT_TARGET = 10.0;
				LD_RUNPATH_SEARCH_PATHS = "$(inherited) @executable_path/Frameworks @loader_path/Frameworks";
				PRODUCT_BUNDLE_IDENTIFIER = com.raizlabs.RZCardEntryTests;
				PRODUCT_NAME = "$(TARGET_NAME)";
				SWIFT_OPTIMIZATION_LEVEL = "-Onone";
				SWIFT_VERSION = 3.0;
				TEST_HOST = "$(BUILT_PRODUCTS_DIR)/RZCardEntry.app/RZCardEntry";
			};
			name = Debug;
		};
		00F95A401D219EA100DB5839 /* Release */ = {
			isa = XCBuildConfiguration;
			buildSettings = {
				BUNDLE_LOADER = "$(TEST_HOST)";
				CLANG_ENABLE_MODULES = YES;
				INFOPLIST_FILE = RZCardEntryTests/Info.plist;
				IPHONEOS_DEPLOYMENT_TARGET = 10.0;
				LD_RUNPATH_SEARCH_PATHS = "$(inherited) @executable_path/Frameworks @loader_path/Frameworks";
				PRODUCT_BUNDLE_IDENTIFIER = com.raizlabs.RZCardEntryTests;
				PRODUCT_NAME = "$(TARGET_NAME)";
				SWIFT_VERSION = 3.0;
				TEST_HOST = "$(BUILT_PRODUCTS_DIR)/RZCardEntry.app/RZCardEntry";
			};
			name = Release;
		};
		00F95A421D219EA100DB5839 /* Debug */ = {
			isa = XCBuildConfiguration;
			buildSettings = {
				INFOPLIST_FILE = RZCardEntryUITests/Info.plist;
				IPHONEOS_DEPLOYMENT_TARGET = 10.0;
				LD_RUNPATH_SEARCH_PATHS = "$(inherited) @executable_path/Frameworks @loader_path/Frameworks";
				PRODUCT_BUNDLE_IDENTIFIER = com.raizlabs.RZCardEntryUITests;
				PRODUCT_NAME = "$(TARGET_NAME)";
				SWIFT_VERSION = 3.0;
				TEST_TARGET_NAME = RZCardEntry;
			};
			name = Debug;
		};
		00F95A431D219EA100DB5839 /* Release */ = {
			isa = XCBuildConfiguration;
			buildSettings = {
				INFOPLIST_FILE = RZCardEntryUITests/Info.plist;
				IPHONEOS_DEPLOYMENT_TARGET = 10.0;
				LD_RUNPATH_SEARCH_PATHS = "$(inherited) @executable_path/Frameworks @loader_path/Frameworks";
				PRODUCT_BUNDLE_IDENTIFIER = com.raizlabs.RZCardEntryUITests;
				PRODUCT_NAME = "$(TARGET_NAME)";
				SWIFT_VERSION = 3.0;
				TEST_TARGET_NAME = RZCardEntry;
			};
			name = Release;
		};
/* End XCBuildConfiguration section */

/* Begin XCConfigurationList section */
		00F95A0E1D219EA100DB5839 /* Build configuration list for PBXProject "RZCardEntry" */ = {
			isa = XCConfigurationList;
			buildConfigurations = (
				00F95A391D219EA100DB5839 /* Debug */,
				00F95A3A1D219EA100DB5839 /* Release */,
			);
			defaultConfigurationIsVisible = 0;
			defaultConfigurationName = Release;
		};
		00F95A3B1D219EA100DB5839 /* Build configuration list for PBXNativeTarget "RZCardEntry" */ = {
			isa = XCConfigurationList;
			buildConfigurations = (
				00F95A3C1D219EA100DB5839 /* Debug */,
				00F95A3D1D219EA100DB5839 /* Release */,
			);
			defaultConfigurationIsVisible = 0;
			defaultConfigurationName = Release;
		};
		00F95A3E1D219EA100DB5839 /* Build configuration list for PBXNativeTarget "RZCardEntryTests" */ = {
			isa = XCConfigurationList;
			buildConfigurations = (
				00F95A3F1D219EA100DB5839 /* Debug */,
				00F95A401D219EA100DB5839 /* Release */,
			);
			defaultConfigurationIsVisible = 0;
			defaultConfigurationName = Release;
		};
		00F95A411D219EA100DB5839 /* Build configuration list for PBXNativeTarget "RZCardEntryUITests" */ = {
			isa = XCConfigurationList;
			buildConfigurations = (
				00F95A421D219EA100DB5839 /* Debug */,
				00F95A431D219EA100DB5839 /* Release */,
			);
			defaultConfigurationIsVisible = 0;
			defaultConfigurationName = Release;
		};
/* End XCConfigurationList section */
	};
	rootObject = 00F95A0B1D219EA100DB5839 /* Project object */;
}
